
Microsoft Visual Studio Solution File, Format Version 12.00
# Visual Studio 15
VisualStudioVersion = 15.0.27004.2010
MinimumVisualStudioVersion = 10.0.40219.1
Project("{FAE04EC0-301F-11D3-BF4B-00C04F79EFBC}") = "Ticari_Otomasyon", "Ticari_Otomasyon\Ticari_Otomasyon.csproj", "{05E7670A-ABC8-473B-9943-D6BA975E35CF}"
EndProject
Global
	GlobalSection(SolutionConfigurationPlatforms) = preSolution
		Debug|Any CPU = Debug|Any CPU
		Release|Any CPU = Release|Any CPU
	EndGlobalSection
	GlobalSection(ProjectConfigurationPlatforms) = postSolution
		{05E7670A-ABC8-473B-9943-D6BA975E35CF}.Debug|Any CPU.ActiveCfg = Debug|Any CPU
		{05E7670A-ABC8-473B-9943-D6BA975E35CF}.Debug|Any CPU.Build.0 = Debug|Any CPU
		{05E7670A-ABC8-473B-9943-D6BA975E35CF}.Release|Any CPU.ActiveCfg = Release|Any CPU
		{05E7670A-ABC8-473B-9943-D6BA975E35CF}.Release|Any CPU.Build.0 = Release|Any CPU
	EndGlobalSection
	GlobalSection(SolutionProperties) = preSolution
		HideSolutionNode = FALSE
	EndGlobalSection
	GlobalSection(ExtensibilityGlobals) = postSolution
		SolutionGuid = {EEB7F087-530F-467B-AA9C-D7FBF701017E}
	EndGlobalSection
EndGlobal
